
Microsoft Visual Studio Solution File, Format Version 12.00
# Visual Studio Version 17
VisualStudioVersion = 17.14.36811.4 d17.14
MinimumVisualStudioVersion = 10.0.40219.1
Project("{FAE04EC0-301F-11D3-BF4B-00C04F79EFBC}") = "librosApi", "librosApi\librosApi.csproj", "{2D3C2DA0-7FBD-4E73-BD4B-769697A450A3}"
EndProject
Global
	GlobalSection(SolutionConfigurationPlatforms) = preSolution
		Debug|Any CPU = Debug|Any CPU
		Release|Any CPU = Release|Any CPU
	EndGlobalSection
	GlobalSection(ProjectConfigurationPlatforms) = postSolution
		{2D3C2DA0-7FBD-4E73-BD4B-769697A450A3}.Debug|Any CPU.ActiveCfg = Debug|Any CPU
		{2D3C2DA0-7FBD-4E73-BD4B-769697A450A3}.Debug|Any CPU.Build.0 = Debug|Any CPU
		{2D3C2DA0-7FBD-4E73-BD4B-769697A450A3}.Release|Any CPU.ActiveCfg = Release|Any CPU
		{2D3C2DA0-7FBD-4E73-BD4B-769697A450A3}.Release|Any CPU.Build.0 = Release|Any CPU
	EndGlobalSection
	GlobalSection(SolutionProperties) = preSolution
		HideSolutionNode = FALSE
	EndGlobalSection
	GlobalSection(ExtensibilityGlobals) = postSolution
		SolutionGuid = {7BA02D13-5B9B-4B47-AA17-EF3A35D18687}
	EndGlobalSection
EndGlobal
